
Microsoft Visual Studio Solution File, Format Version 12.00
# Visual Studio Version 16
VisualStudioVersion = 16.0.32413.511
MinimumVisualStudioVersion = 10.0.40219.1
Project("{FAE04EC0-301F-11D3-BF4B-00C04F79EFBC}") = "MyLib", "MyLib\MyLib.csproj", "{870AA9EF-6889-4941-9B7F-3C7803A73B90}"
EndProject
Global
	GlobalSection(SolutionConfigurationPlatforms) = preSolution
		Debug|Any CPU = Debug|Any CPU
		Release|Any CPU = Release|Any CPU
	EndGlobalSection
	GlobalSection(ProjectConfigurationPlatforms) = postSolution
		{870AA9EF-6889-4941-9B7F-3C7803A73B90}.Debug|Any CPU.ActiveCfg = Debug|Any CPU
		{870AA9EF-6889-4941-9B7F-3C7803A73B90}.Debug|Any CPU.Build.0 = Debug|Any CPU
		{870AA9EF-6889-4941-9B7F-3C7803A73B90}.Release|Any CPU.ActiveCfg = Release|Any CPU
		{870AA9EF-6889-4941-9B7F-3C7803A73B90}.Release|Any CPU.Build.0 = Release|Any CPU
	EndGlobalSection
	GlobalSection(SolutionProperties) = preSolution
		HideSolutionNode = FALSE
	EndGlobalSection
	GlobalSection(ExtensibilityGlobals) = postSolution
		SolutionGuid = {F4A00990-815A-4170-B612-D8F40A1376AA}
	EndGlobalSection
EndGlobal
